
Microsoft Visual Studio Solution File, Format Version 12.00
Project("{FAE04EC0-301F-11D3-BF4B-00C04F79EFBC}") = "Day1", "Day1\Day1.csproj", "{BC874E0F-5A06-498F-964E-8215E167186E}"
EndProject
Project("{FAE04EC0-301F-11D3-BF4B-00C04F79EFBC}") = "Day2", "Day2\Day2.csproj", "{5F76E1CA-C4E2-463D-A227-E8FBD0AC4334}"
EndProject
Project("{FAE04EC0-301F-11D3-BF4B-00C04F79EFBC}") = "Day3", "Day3\Day3.csproj", "{21A683E6-5095-4B4A-AE47-F33D167B96E8}"
EndProject
Project("{FAE04EC0-301F-11D3-BF4B-00C04F79EFBC}") = "Day4", "Day4\Day4.csproj", "{6C070C59-580D-46A4-8AD6-60B89EEDDCD1}"
EndProject
Project("{FAE04EC0-301F-11D3-BF4B-00C04F79EFBC}") = "Day5", "Day5\Day5.csproj", "{FBE04EB7-E4BD-4843-9D51-7EB144C51325}"
EndProject
Project("{FAE04EC0-301F-11D3-BF4B-00C04F79EFBC}") = "Day6", "Day6\Day6.csproj", "{D7C73DDF-89F2-4AC7-9667-DE55CF2CA65D}"
EndProject
Project("{FAE04EC0-301F-11D3-BF4B-00C04F79EFBC}") = "Day7", "Day7\Day7.csproj", "{3AAA8C1F-7DE2-4C94-9F46-4B0C6ABB034D}"
EndProject
Project("{FAE04EC0-301F-11D3-BF4B-00C04F79EFBC}") = "Day9", "Day9\Day9.csproj", "{F2456F81-2EEB-4BA6-97ED-33446465C712}"
EndProject
Project("{FAE04EC0-301F-11D3-BF4B-00C04F79EFBC}") = "Day10", "Day10\Day10.csproj", "{A95F7E4A-2920-4CA1-B2FE-B0DCD6ACE275}"
EndProject
Project("{FAE04EC0-301F-11D3-BF4B-00C04F79EFBC}") = "Day11", "Day11\Day11.csproj", "{39A0A06E-B249-4039-98A7-5289D4AD27F1}"
EndProject
Project("{FAE04EC0-301F-11D3-BF4B-00C04F79EFBC}") = "Day12", "Day12\Day12.csproj", "{3485D91D-5BDE-46A4-85AA-0A36D2F09181}"
EndProject
Project("{FAE04EC0-301F-11D3-BF4B-00C04F79EFBC}") = "Day13", "Day13\Day13.csproj", "{DFBA3960-B33F-4696-BD1C-5960057C01DE}"
EndProject
Project("{FAE04EC0-301F-11D3-BF4B-00C04F79EFBC}") = "Day14", "Day14\Day14.csproj", "{EB6FD3AE-C7F2-40B3-8972-5CC96A8D8EEC}"
EndProject
Project("{FAE04EC0-301F-11D3-BF4B-00C04F79EFBC}") = "Day15", "Day15\Day15.csproj", "{4D85961F-BB1B-4193-BA2B-8E0714ABE0D2}"
EndProject
Project("{FAE04EC0-301F-11D3-BF4B-00C04F79EFBC}") = "Day16", "Day16\Day16.csproj", "{53086D17-BD9C-4C2B-8275-0A521D3B441B}"
EndProject
Global
	GlobalSection(SolutionConfigurationPlatforms) = preSolution
		Debug|Any CPU = Debug|Any CPU
		Release|Any CPU = Release|Any CPU
	EndGlobalSection
	GlobalSection(ProjectConfigurationPlatforms) = postSolution
		{BC874E0F-5A06-498F-964E-8215E167186E}.Debug|Any CPU.ActiveCfg = Debug|Any CPU
		{BC874E0F-5A06-498F-964E-8215E167186E}.Debug|Any CPU.Build.0 = Debug|Any CPU
		{BC874E0F-5A06-498F-964E-8215E167186E}.Release|Any CPU.ActiveCfg = Release|Any CPU
		{BC874E0F-5A06-498F-964E-8215E167186E}.Release|Any CPU.Build.0 = Release|Any CPU
		{5F76E1CA-C4E2-463D-A227-E8FBD0AC4334}.Debug|Any CPU.ActiveCfg = Debug|Any CPU
		{5F76E1CA-C4E2-463D-A227-E8FBD0AC4334}.Debug|Any CPU.Build.0 = Debug|Any CPU
		{5F76E1CA-C4E2-463D-A227-E8FBD0AC4334}.Release|Any CPU.ActiveCfg = Release|Any CPU
		{5F76E1CA-C4E2-463D-A227-E8FBD0AC4334}.Release|Any CPU.Build.0 = Release|Any CPU
		{21A683E6-5095-4B4A-AE47-F33D167B96E8}.Debug|Any CPU.ActiveCfg = Debug|Any CPU
		{21A683E6-5095-4B4A-AE47-F33D167B96E8}.Debug|Any CPU.Build.0 = Debug|Any CPU
		{21A683E6-5095-4B4A-AE47-F33D167B96E8}.Release|Any CPU.ActiveCfg = Release|Any CPU
		{21A683E6-5095-4B4A-AE47-F33D167B96E8}.Release|Any CPU.Build.0 = Release|Any CPU
		{6C070C59-580D-46A4-8AD6-60B89EEDDCD1}.Debug|Any CPU.ActiveCfg = Debug|Any CPU
		{6C070C59-580D-46A4-8AD6-60B89EEDDCD1}.Debug|Any CPU.Build.0 = Debug|Any CPU
		{6C070C59-580D-46A4-8AD6-60B89EEDDCD1}.Release|Any CPU.ActiveCfg = Release|Any CPU
		{6C070C59-580D-46A4-8AD6-60B89EEDDCD1}.Release|Any CPU.Build.0 = Release|Any CPU
		{FBE04EB7-E4BD-4843-9D51-7EB144C51325}.Debug|Any CPU.ActiveCfg = Debug|Any CPU
		{FBE04EB7-E4BD-4843-9D51-7EB144C51325}.Debug|Any CPU.Build.0 = Debug|Any CPU
		{FBE04EB7-E4BD-4843-9D51-7EB144C51325}.Release|Any CPU.ActiveCfg = Release|Any CPU
		{FBE04EB7-E4BD-4843-9D51-7EB144C51325}.Release|Any CPU.Build.0 = Release|Any CPU
		{D7C73DDF-89F2-4AC7-9667-DE55CF2CA65D}.Debug|Any CPU.ActiveCfg = Debug|Any CPU
		{D7C73DDF-89F2-4AC7-9667-DE55CF2CA65D}.Debug|Any CPU.Build.0 = Debug|Any CPU
		{D7C73DDF-89F2-4AC7-9667-DE55CF2CA65D}.Release|Any CPU.ActiveCfg = Release|Any CPU
		{D7C73DDF-89F2-4AC7-9667-DE55CF2CA65D}.Release|Any CPU.Build.0 = Release|Any CPU
		{3AAA8C1F-7DE2-4C94-9F46-4B0C6ABB034D}.Debug|Any CPU.ActiveCfg = Debug|Any CPU
		{3AAA8C1F-7DE2-4C94-9F46-4B0C6ABB034D}.Debug|Any CPU.Build.0 = Debug|Any CPU
		{3AAA8C1F-7DE2-4C94-9F46-4B0C6ABB034D}.Release|Any CPU.ActiveCfg = Release|Any CPU
		{3AAA8C1F-7DE2-4C94-9F46-4B0C6ABB034D}.Release|Any CPU.Build.0 = Release|Any CPU
		{F2456F81-2EEB-4BA6-97ED-33446465C712}.Debug|Any CPU.ActiveCfg = Debug|Any CPU
		{F2456F81-2EEB-4BA6-97ED-33446465C712}.Debug|Any CPU.Build.0 = Debug|Any CPU
		{F2456F81-2EEB-4BA6-97ED-33446465C712}.Release|Any CPU.ActiveCfg = Release|Any CPU
		{F2456F81-2EEB-4BA6-97ED-33446465C712}.Release|Any CPU.Build.0 = Release|Any CPU
		{A95F7E4A-2920-4CA1-B2FE-B0DCD6ACE275}.Debug|Any CPU.ActiveCfg = Debug|Any CPU
		{A95F7E4A-2920-4CA1-B2FE-B0DCD6ACE275}.Debug|Any CPU.Build.0 = Debug|Any CPU
		{A95F7E4A-2920-4CA1-B2FE-B0DCD6ACE275}.Release|Any CPU.ActiveCfg = Release|Any CPU
		{A95F7E4A-2920-4CA1-B2FE-B0DCD6ACE275}.Release|Any CPU.Build.0 = Release|Any CPU
		{39A0A06E-B249-4039-98A7-5289D4AD27F1}.Debug|Any CPU.ActiveCfg = Debug|Any CPU
		{39A0A06E-B249-4039-98A7-5289D4AD27F1}.Debug|Any CPU.Build.0 = Debug|Any CPU
		{39A0A06E-B249-4039-98A7-5289D4AD27F1}.Release|Any CPU.ActiveCfg = Release|Any CPU
		{39A0A06E-B249-4039-98A7-5289D4AD27F1}.Release|Any CPU.Build.0 = Release|Any CPU
		{3485D91D-5BDE-46A4-85AA-0A36D2F09181}.Debug|Any CPU.ActiveCfg = Debug|Any CPU
		{3485D91D-5BDE-46A4-85AA-0A36D2F09181}.Debug|Any CPU.Build.0 = Debug|Any CPU
		{3485D91D-5BDE-46A4-85AA-0A36D2F09181}.Release|Any CPU.ActiveCfg = Release|Any CPU
		{3485D91D-5BDE-46A4-85AA-0A36D2F09181}.Release|Any CPU.Build.0 = Release|Any CPU
		{DFBA3960-B33F-4696-BD1C-5960057C01DE}.Debug|Any CPU.ActiveCfg = Debug|Any CPU
		{DFBA3960-B33F-4696-BD1C-5960057C01DE}.Debug|Any CPU.Build.0 = Debug|Any CPU
		{DFBA3960-B33F-4696-BD1C-5960057C01DE}.Release|Any CPU.ActiveCfg = Release|Any CPU
		{DFBA3960-B33F-4696-BD1C-5960057C01DE}.Release|Any CPU.Build.0 = Release|Any CPU
		{EB6FD3AE-C7F2-40B3-8972-5CC96A8D8EEC}.Debug|Any CPU.ActiveCfg = Debug|Any CPU
		{EB6FD3AE-C7F2-40B3-8972-5CC96A8D8EEC}.Debug|Any CPU.Build.0 = Debug|Any CPU
		{EB6FD3AE-C7F2-40B3-8972-5CC96A8D8EEC}.Release|Any CPU.ActiveCfg = Release|Any CPU
		{EB6FD3AE-C7F2-40B3-8972-5CC96A8D8EEC}.Release|Any CPU.Build.0 = Release|Any CPU
		{4D85961F-BB1B-4193-BA2B-8E0714ABE0D2}.Debug|Any CPU.ActiveCfg = Debug|Any CPU
		{4D85961F-BB1B-4193-BA2B-8E0714ABE0D2}.Debug|Any CPU.Build.0 = Debug|Any CPU
		{4D85961F-BB1B-4193-BA2B-8E0714ABE0D2}.Release|Any CPU.ActiveCfg = Release|Any CPU
		{4D85961F-BB1B-4193-BA2B-8E0714ABE0D2}.Release|Any CPU.Build.0 = Release|Any CPU
		{53086D17-BD9C-4C2B-8275-0A521D3B441B}.Debug|Any CPU.ActiveCfg = Debug|Any CPU
		{53086D17-BD9C-4C2B-8275-0A521D3B441B}.Debug|Any CPU.Build.0 = Debug|Any CPU
		{53086D17-BD9C-4C2B-8275-0A521D3B441B}.Release|Any CPU.ActiveCfg = Release|Any CPU
		{53086D17-BD9C-4C2B-8275-0A521D3B441B}.Release|Any CPU.Build.0 = Release|Any CPU
	EndGlobalSection
EndGlobal
